
Microsoft Visual Studio Solution File, Format Version 12.00
# Visual Studio Version 17
VisualStudioVersion = 17.0.32112.339
MinimumVisualStudioVersion = 10.0.40219.1
Project("{9A19103F-16F7-4668-BE54-9A1E7A4F7556}") = "TestTaskCRMProject", "TestTaskCRMProject\TestTaskCRMProject.csproj", "{95BD815A-8161-43CE-9167-A7A33B4CDFEA}"
EndProject
Project("{FAE04EC0-301F-11D3-BF4B-00C04F79EFBC}") = "TestTaskCRMProjectBLL", "TestTaskCRMProjectBLL\TestTaskCRMProjectBLL.csproj", "{A9CDFFAE-5499-4A85-A14C-35106D3ADE41}"
EndProject
Project("{FAE04EC0-301F-11D3-BF4B-00C04F79EFBC}") = "TestTaskDAL", "TestTaskDAL\TestTaskDAL.csproj", "{61B11FDE-AD24-4E9E-8961-6661CBA0F0A5}"
EndProject
Global
	GlobalSection(SolutionConfigurationPlatforms) = preSolution
		Debug|Any CPU = Debug|Any CPU
		Release|Any CPU = Release|Any CPU
	EndGlobalSection
	GlobalSection(ProjectConfigurationPlatforms) = postSolution
		{95BD815A-8161-43CE-9167-A7A33B4CDFEA}.Debug|Any CPU.ActiveCfg = Debug|Any CPU
		{95BD815A-8161-43CE-9167-A7A33B4CDFEA}.Debug|Any CPU.Build.0 = Debug|Any CPU
		{95BD815A-8161-43CE-9167-A7A33B4CDFEA}.Release|Any CPU.ActiveCfg = Release|Any CPU
		{95BD815A-8161-43CE-9167-A7A33B4CDFEA}.Release|Any CPU.Build.0 = Release|Any CPU
		{A9CDFFAE-5499-4A85-A14C-35106D3ADE41}.Debug|Any CPU.ActiveCfg = Debug|Any CPU
		{A9CDFFAE-5499-4A85-A14C-35106D3ADE41}.Debug|Any CPU.Build.0 = Debug|Any CPU
		{A9CDFFAE-5499-4A85-A14C-35106D3ADE41}.Release|Any CPU.ActiveCfg = Release|Any CPU
		{A9CDFFAE-5499-4A85-A14C-35106D3ADE41}.Release|Any CPU.Build.0 = Release|Any CPU
		{61B11FDE-AD24-4E9E-8961-6661CBA0F0A5}.Debug|Any CPU.ActiveCfg = Debug|Any CPU
		{61B11FDE-AD24-4E9E-8961-6661CBA0F0A5}.Debug|Any CPU.Build.0 = Debug|Any CPU
		{61B11FDE-AD24-4E9E-8961-6661CBA0F0A5}.Release|Any CPU.ActiveCfg = Release|Any CPU
		{61B11FDE-AD24-4E9E-8961-6661CBA0F0A5}.Release|Any CPU.Build.0 = Release|Any CPU
	EndGlobalSection
	GlobalSection(SolutionProperties) = preSolution
		HideSolutionNode = FALSE
	EndGlobalSection
	GlobalSection(ExtensibilityGlobals) = postSolution
		SolutionGuid = {9683F687-A01C-4008-BB3C-E2319BFEA296}
	EndGlobalSection
EndGlobal
